<?xml version="1.0" encoding="utf-8"?>
<Project ToolsVersion="4.0" xmlns="http://schemas.microsoft.com/developer/msbuild/2003">
  <ItemGroup>
    <ClCompile Include="WindowControllerTest.cpp" />
    <ClCompile Include="FreeRTOS_FFF_MocksDefinitions.cpp" />
  </ItemGroup>
  <ItemGroup>
    <ClInclude Include="FreeRTOS.h" />
    <ClInclude Include="semphr.h" />
    <ClInclude Include="task.h" />
    <ClInclude Include="io.h">
      <Filter>avr</Filter>
    </ClInclude>
    <ClInclude Include="sfr_def.h">
      <Filter>avr</Filter>
    </ClInclude>
    <ClInclude Include="stdio.driver.h" />
    <ClInclude Include="FreeRTOS_FFF_MocksDeclaration.h" />
    <ClInclude Include="queue.h" />
    <ClInclude Include="message_buffer.h" />
    <ClInclude Include="event_groups.h" />
    <ClInclude Include="timers.h" />
  </ItemGroup>
  <ItemGroup>
    <None Include="packages.config" />
  </ItemGroup>
  <ItemGroup>
    <Filter Include="avr">
      <UniqueIdentifier>{76a4d92a-bb4d-4d22-b044-02009f0e28cb}</UniqueIdentifier>
    </Filter>
  </ItemGroup>
</Project>